
Microsoft Visual Studio Solution File, Format Version 12.00
# Visual Studio Version 17
VisualStudioVersion = 17.8.34322.80
MinimumVisualStudioVersion = 10.0.40219.1
Project("{FAE04EC0-301F-11D3-BF4B-00C04F79EFBC}") = "Address", "lab2\Address.csproj", "{B75862F8-D09F-4638-9B2D-39C8DCBF363A}"
EndProject
Project("{FAE04EC0-301F-11D3-BF4B-00C04F79EFBC}") = "Converter", "Converter\Converter.csproj", "{695FBBD4-A5E2-4485-B37B-0F59958C35EF}"
EndProject
Project("{FAE04EC0-301F-11D3-BF4B-00C04F79EFBC}") = "Employee", "Employee\Employee.csproj", "{5DB32E8F-B5D7-40E7-9EE1-0407147BF8A6}"
EndProject
Project("{FAE04EC0-301F-11D3-BF4B-00C04F79EFBC}") = "User", "User\User.csproj", "{4069FFEA-4B40-4951-895A-9A8E834B4784}"
EndProject
Global
	GlobalSection(SolutionConfigurationPlatforms) = preSolution
		Debug|Any CPU = Debug|Any CPU
		Release|Any CPU = Release|Any CPU
	EndGlobalSection
	GlobalSection(ProjectConfigurationPlatforms) = postSolution
		{B75862F8-D09F-4638-9B2D-39C8DCBF363A}.Debug|Any CPU.ActiveCfg = Debug|Any CPU
		{B75862F8-D09F-4638-9B2D-39C8DCBF363A}.Debug|Any CPU.Build.0 = Debug|Any CPU
		{B75862F8-D09F-4638-9B2D-39C8DCBF363A}.Release|Any CPU.ActiveCfg = Release|Any CPU
		{B75862F8-D09F-4638-9B2D-39C8DCBF363A}.Release|Any CPU.Build.0 = Release|Any CPU
		{695FBBD4-A5E2-4485-B37B-0F59958C35EF}.Debug|Any CPU.ActiveCfg = Debug|Any CPU
		{695FBBD4-A5E2-4485-B37B-0F59958C35EF}.Debug|Any CPU.Build.0 = Debug|Any CPU
		{695FBBD4-A5E2-4485-B37B-0F59958C35EF}.Release|Any CPU.ActiveCfg = Release|Any CPU
		{695FBBD4-A5E2-4485-B37B-0F59958C35EF}.Release|Any CPU.Build.0 = Release|Any CPU
		{5DB32E8F-B5D7-40E7-9EE1-0407147BF8A6}.Debug|Any CPU.ActiveCfg = Debug|Any CPU
		{5DB32E8F-B5D7-40E7-9EE1-0407147BF8A6}.Debug|Any CPU.Build.0 = Debug|Any CPU
		{5DB32E8F-B5D7-40E7-9EE1-0407147BF8A6}.Release|Any CPU.ActiveCfg = Release|Any CPU
		{5DB32E8F-B5D7-40E7-9EE1-0407147BF8A6}.Release|Any CPU.Build.0 = Release|Any CPU
		{4069FFEA-4B40-4951-895A-9A8E834B4784}.Debug|Any CPU.ActiveCfg = Debug|Any CPU
		{4069FFEA-4B40-4951-895A-9A8E834B4784}.Debug|Any CPU.Build.0 = Debug|Any CPU
		{4069FFEA-4B40-4951-895A-9A8E834B4784}.Release|Any CPU.ActiveCfg = Release|Any CPU
		{4069FFEA-4B40-4951-895A-9A8E834B4784}.Release|Any CPU.Build.0 = Release|Any CPU
	EndGlobalSection
	GlobalSection(SolutionProperties) = preSolution
		HideSolutionNode = FALSE
	EndGlobalSection
	GlobalSection(ExtensibilityGlobals) = postSolution
		SolutionGuid = {153E629A-997F-48EA-9E20-CBECD4CBC777}
	EndGlobalSection
EndGlobal
